PODS:
  - FBSDKCoreKit (5.15.1):
    - FBSDKCoreKit/Basics (= 5.15.1)
    - FBSDKCoreKit/Core (= 5.15.1)
  - FBSDKCoreKit/Basics (5.15.1)
  - FBSDKCoreKit/Core (5.15.1):
    - FBSDKCoreKit/Basics
  - FBSDKLoginKit (5.15.1):
    - FBSDKLoginKit/Login (= 5.15.1)
  - FBSDKLoginKit/Login (5.15.1):
    - FBSDKCoreKit (~> 5.0)
  - GBHFacebookImagePicker (3.2.1):
    - FBSDKCoreKit (~> 5.15.1)
    - FBSDKLoginKit (~> 5.15.1)

DEPENDENCIES:
  - GBHFacebookImagePicker (from `../`)

SPEC REPOS:
  trunk:
    - FBSDKCoreKit
    - FBSDKLoginKit

EXTERNAL SOURCES:
  GBHFacebookImagePicker:
    :path: "../"

SPEC CHECKSUMS:
  FBSDKCoreKit: 1d5acf7c9d7a2f92bb1a242dc60cae5b7adb91df
  FBSDKLoginKit: f1ea8026a58b52d30c9f2e6a58ca7d813619fb83
  GBHFacebookImagePicker: 75aeea1356615d52f0bdabaffe5ed33a1ada7967

PODFILE CHECKSUM: c7986fba07718931af896e9c40736ace0ccbfe4e

COCOAPODS: 1.8.4
