PODS:
  - Bolts (1.9.0):
    - Bolts/AppLinks (= 1.9.0)
    - Bolts/Tasks (= 1.9.0)
  - Bolts/AppLinks (1.9.0):
    - Bolts/Tasks
  - Bolts/Tasks (1.9.0)
  - FBSDKCoreKit (4.39.0):
    - Bolts (~> 1.9)
  - FBSDKLoginKit (4.39.0):
    - FBSDKCoreKit
  - GBHFacebookImagePicker (2.4.1):
    - FBSDKCoreKit (~> 4.39.0)
    - FBSDKLoginKit (~> 4.39.0)

DEPENDENCIES:
  - GBHFacebookImagePicker (from `../`)

SPEC REPOS:
  https://github.com/cocoapods/specs.git:
    - Bolts
    - FBSDKCoreKit
    - FBSDKLoginKit

EXTERNAL SOURCES:
  GBHFacebookImagePicker:
    :path: "../"

SPEC CHECKSUMS:
  Bolts: ac6567323eac61e203f6a9763667d0f711be34c8
  FBSDKCoreKit: 1e3981faefab8c88edfaa9eecd94aab02d99a9bc
  FBSDKLoginKit: 30ba5039a2c53d65a75103889bc2deebdacd5a1f
  GBHFacebookImagePicker: 9234e331618f46f60dcffb29accd0abaf658373c

PODFILE CHECKSUM: c7986fba07718931af896e9c40736ace0ccbfe4e

COCOAPODS: 1.5.3
